{
  "lockfileVersion": 1,
  "workspaces": {
    "": {
      "name": "momcare-backend",
      "dependencies": {
        "@fluvio/client": "^0.14.9",
        "dotenv": "^16.4.5",
      },
      "devDependencies": {
        "@types/node": "^20.14.10",
        "typescript": "^5.5.3",
      },
    },
  },
  "packages": {
    "@fluvio/client": ["@fluvio/client@0.14.9", "", {}, "sha512-1ls958lJu9o+PA+Pc9nvPwoD2wPB9ju9k3Mq6X4oMK2BKYnLm/OWu3qS6s9ixA7ADh9MWE8FFe2ZvdoF0vE/8g=="],

    "@types/node": ["@types/node@20.17.30", "", { "dependencies": { "undici-types": "~6.19.2" } }, "sha512-7zf4YyHA+jvBNfVrk2Gtvs6x7E8V+YDW05bNfG2XkWDJfYRXrTiP/DsB2zSYTaHX0bGIujTBQdMVAhb+j7mwpg=="],

    "dotenv": ["dotenv@16.5.0", "", {}, "sha512-m/C+AwOAr9/W1UOIZUo232ejMNnJAJtYQjUbHoNTBNTJSvqzzDh7vnrei3o3r3m9blf6ZoDkvcw0VmozNRFJxg=="],

    "typescript": ["typescript@5.8.3", "", { "bin": { "tsc": "bin/tsc", "tsserver": "bin/tsserver" } }, "sha512-p1diW6TqL9L07nNxvRMM7hMMw4c5XOo/1ibL4aAIGmSAt9slTE1Xgw5KWuof2uTOvCg9BY7ZRi+GaF+7sfgPeQ=="],

    "undici-types": ["undici-types@6.19.8", "", {}, "sha512-ve2KP6f/JnbPBFyobGHuerC9g1FYGn/F8n1LWTwNxCEzd6IfqTwUQcNXgEtmmQ6DlRrC1hrSrBnCZPokRrDHjw=="],
  }
}
